
Microsoft Visual Studio Solution File, Format Version 12.00
# Visual Studio 15
VisualStudioVersion = 15.0.26124.0
MinimumVisualStudioVersion = 15.0.26124.0
Project("{2150E333-8FDC-42A3-9474-1A3956D46DE8}") = "src", "src", "{A66B84F3-0D1F-44EA-A127-B216C9A9DD90}"
EndProject
Project("{FAE04EC0-301F-11D3-BF4B-00C04F79EFBC}") = "FkThat.Mockables", "src\FkThat.Mockables\FkThat.Mockables.csproj", "{45E9AAAC-A69E-4ED1-81F7-B56E37D22FE8}"
EndProject
Project("{2150E333-8FDC-42A3-9474-1A3956D46DE8}") = "test", "test", "{F9F7B3A9-AED2-4B63-807B-00FB93DC86F4}"
EndProject
Project("{FAE04EC0-301F-11D3-BF4B-00C04F79EFBC}") = "Test.FkThat.Mockables", "test\Test.FkThat.Mockables\Test.FkThat.Mockables.csproj", "{7FD3244B-9620-4372-A3B0-32B64D13C175}"
EndProject
Project("{FAE04EC0-301F-11D3-BF4B-00C04F79EFBC}") = "FkThat.Mockables.DependencyInjection", "src\FkThat.Mockables.DependencyInjection\FkThat.Mockables.DependencyInjection.csproj", "{341E87F4-0DED-42A6-BFDF-B8AA54FCA17C}"
EndProject
Project("{FAE04EC0-301F-11D3-BF4B-00C04F79EFBC}") = "Test.FkThat.Mockables.DependencyInjection", "test\Test.FkThat.Mockables.DependencyInjection\Test.FkThat.Mockables.DependencyInjection.csproj", "{44B08147-9DB2-4BBD-B400-690A00D61B7C}"
EndProject
Global
	GlobalSection(SolutionConfigurationPlatforms) = preSolution
		Debug|Any CPU = Debug|Any CPU
		Debug|x64 = Debug|x64
		Debug|x86 = Debug|x86
		Release|Any CPU = Release|Any CPU
		Release|x64 = Release|x64
		Release|x86 = Release|x86
	EndGlobalSection
	GlobalSection(SolutionProperties) = preSolution
		HideSolutionNode = FALSE
	EndGlobalSection
	GlobalSection(ProjectConfigurationPlatforms) = postSolution
		{45E9AAAC-A69E-4ED1-81F7-B56E37D22FE8}.Debug|Any CPU.ActiveCfg = Debug|Any CPU
		{45E9AAAC-A69E-4ED1-81F7-B56E37D22FE8}.Debug|Any CPU.Build.0 = Debug|Any CPU
		{45E9AAAC-A69E-4ED1-81F7-B56E37D22FE8}.Debug|x64.ActiveCfg = Debug|Any CPU
		{45E9AAAC-A69E-4ED1-81F7-B56E37D22FE8}.Debug|x64.Build.0 = Debug|Any CPU
		{45E9AAAC-A69E-4ED1-81F7-B56E37D22FE8}.Debug|x86.ActiveCfg = Debug|Any CPU
		{45E9AAAC-A69E-4ED1-81F7-B56E37D22FE8}.Debug|x86.Build.0 = Debug|Any CPU
		{45E9AAAC-A69E-4ED1-81F7-B56E37D22FE8}.Release|Any CPU.ActiveCfg = Release|Any CPU
		{45E9AAAC-A69E-4ED1-81F7-B56E37D22FE8}.Release|Any CPU.Build.0 = Release|Any CPU
		{45E9AAAC-A69E-4ED1-81F7-B56E37D22FE8}.Release|x64.ActiveCfg = Release|Any CPU
		{45E9AAAC-A69E-4ED1-81F7-B56E37D22FE8}.Release|x64.Build.0 = Release|Any CPU
		{45E9AAAC-A69E-4ED1-81F7-B56E37D22FE8}.Release|x86.ActiveCfg = Release|Any CPU
		{45E9AAAC-A69E-4ED1-81F7-B56E37D22FE8}.Release|x86.Build.0 = Release|Any CPU
		{7FD3244B-9620-4372-A3B0-32B64D13C175}.Debug|Any CPU.ActiveCfg = Debug|Any CPU
		{7FD3244B-9620-4372-A3B0-32B64D13C175}.Debug|Any CPU.Build.0 = Debug|Any CPU
		{7FD3244B-9620-4372-A3B0-32B64D13C175}.Debug|x64.ActiveCfg = Debug|Any CPU
		{7FD3244B-9620-4372-A3B0-32B64D13C175}.Debug|x64.Build.0 = Debug|Any CPU
		{7FD3244B-9620-4372-A3B0-32B64D13C175}.Debug|x86.ActiveCfg = Debug|Any CPU
		{7FD3244B-9620-4372-A3B0-32B64D13C175}.Debug|x86.Build.0 = Debug|Any CPU
		{7FD3244B-9620-4372-A3B0-32B64D13C175}.Release|Any CPU.ActiveCfg = Release|Any CPU
		{7FD3244B-9620-4372-A3B0-32B64D13C175}.Release|Any CPU.Build.0 = Release|Any CPU
		{7FD3244B-9620-4372-A3B0-32B64D13C175}.Release|x64.ActiveCfg = Release|Any CPU
		{7FD3244B-9620-4372-A3B0-32B64D13C175}.Release|x64.Build.0 = Release|Any CPU
		{7FD3244B-9620-4372-A3B0-32B64D13C175}.Release|x86.ActiveCfg = Release|Any CPU
		{7FD3244B-9620-4372-A3B0-32B64D13C175}.Release|x86.Build.0 = Release|Any CPU
		{341E87F4-0DED-42A6-BFDF-B8AA54FCA17C}.Debug|Any CPU.ActiveCfg = Debug|Any CPU
		{341E87F4-0DED-42A6-BFDF-B8AA54FCA17C}.Debug|Any CPU.Build.0 = Debug|Any CPU
		{341E87F4-0DED-42A6-BFDF-B8AA54FCA17C}.Debug|x64.ActiveCfg = Debug|Any CPU
		{341E87F4-0DED-42A6-BFDF-B8AA54FCA17C}.Debug|x64.Build.0 = Debug|Any CPU
		{341E87F4-0DED-42A6-BFDF-B8AA54FCA17C}.Debug|x86.ActiveCfg = Debug|Any CPU
		{341E87F4-0DED-42A6-BFDF-B8AA54FCA17C}.Debug|x86.Build.0 = Debug|Any CPU
		{341E87F4-0DED-42A6-BFDF-B8AA54FCA17C}.Release|Any CPU.ActiveCfg = Release|Any CPU
		{341E87F4-0DED-42A6-BFDF-B8AA54FCA17C}.Release|Any CPU.Build.0 = Release|Any CPU
		{341E87F4-0DED-42A6-BFDF-B8AA54FCA17C}.Release|x64.ActiveCfg = Release|Any CPU
		{341E87F4-0DED-42A6-BFDF-B8AA54FCA17C}.Release|x64.Build.0 = Release|Any CPU
		{341E87F4-0DED-42A6-BFDF-B8AA54FCA17C}.Release|x86.ActiveCfg = Release|Any CPU
		{341E87F4-0DED-42A6-BFDF-B8AA54FCA17C}.Release|x86.Build.0 = Release|Any CPU
		{44B08147-9DB2-4BBD-B400-690A00D61B7C}.Debug|Any CPU.ActiveCfg = Debug|Any CPU
		{44B08147-9DB2-4BBD-B400-690A00D61B7C}.Debug|Any CPU.Build.0 = Debug|Any CPU
		{44B08147-9DB2-4BBD-B400-690A00D61B7C}.Debug|x64.ActiveCfg = Debug|Any CPU
		{44B08147-9DB2-4BBD-B400-690A00D61B7C}.Debug|x64.Build.0 = Debug|Any CPU
		{44B08147-9DB2-4BBD-B400-690A00D61B7C}.Debug|x86.ActiveCfg = Debug|Any CPU
		{44B08147-9DB2-4BBD-B400-690A00D61B7C}.Debug|x86.Build.0 = Debug|Any CPU
		{44B08147-9DB2-4BBD-B400-690A00D61B7C}.Release|Any CPU.ActiveCfg = Release|Any CPU
		{44B08147-9DB2-4BBD-B400-690A00D61B7C}.Release|Any CPU.Build.0 = Release|Any CPU
		{44B08147-9DB2-4BBD-B400-690A00D61B7C}.Release|x64.ActiveCfg = Release|Any CPU
		{44B08147-9DB2-4BBD-B400-690A00D61B7C}.Release|x64.Build.0 = Release|Any CPU
		{44B08147-9DB2-4BBD-B400-690A00D61B7C}.Release|x86.ActiveCfg = Release|Any CPU
		{44B08147-9DB2-4BBD-B400-690A00D61B7C}.Release|x86.Build.0 = Release|Any CPU
	EndGlobalSection
	GlobalSection(NestedProjects) = preSolution
		{45E9AAAC-A69E-4ED1-81F7-B56E37D22FE8} = {A66B84F3-0D1F-44EA-A127-B216C9A9DD90}
		{7FD3244B-9620-4372-A3B0-32B64D13C175} = {F9F7B3A9-AED2-4B63-807B-00FB93DC86F4}
		{341E87F4-0DED-42A6-BFDF-B8AA54FCA17C} = {A66B84F3-0D1F-44EA-A127-B216C9A9DD90}
		{44B08147-9DB2-4BBD-B400-690A00D61B7C} = {F9F7B3A9-AED2-4B63-807B-00FB93DC86F4}
	EndGlobalSection
EndGlobal
